
Microsoft Visual Studio Solution File, Format Version 12.00
# Visual Studio Version 17
VisualStudioVersion = 17.10.35027.167
MinimumVisualStudioVersion = 10.0.40219.1
Project("{FAE04EC0-301F-11D3-BF4B-00C04F79EFBC}") = "EventHubProducerDemo", "EventHubProducerDemo\EventHubProducerDemo.csproj", "{14264352-A4E7-420A-AE04-F4D348FFB3DA}"
EndProject
Global
	GlobalSection(SolutionConfigurationPlatforms) = preSolution
		Debug|Any CPU = Debug|Any CPU
		Release|Any CPU = Release|Any CPU
	EndGlobalSection
	GlobalSection(ProjectConfigurationPlatforms) = postSolution
		{14264352-A4E7-420A-AE04-F4D348FFB3DA}.Debug|Any CPU.ActiveCfg = Debug|Any CPU
		{14264352-A4E7-420A-AE04-F4D348FFB3DA}.Debug|Any CPU.Build.0 = Debug|Any CPU
		{14264352-A4E7-420A-AE04-F4D348FFB3DA}.Release|Any CPU.ActiveCfg = Release|Any CPU
		{14264352-A4E7-420A-AE04-F4D348FFB3DA}.Release|Any CPU.Build.0 = Release|Any CPU
	EndGlobalSection
	GlobalSection(SolutionProperties) = preSolution
		HideSolutionNode = FALSE
	EndGlobalSection
	GlobalSection(ExtensibilityGlobals) = postSolution
		SolutionGuid = {8448926E-417B-4DD0-AB5A-01F631569E2E}
	EndGlobalSection
EndGlobal
